
Microsoft Visual Studio Solution File, Format Version 12.00
# Visual Studio Version 17
VisualStudioVersion = 17.12.35506.116
MinimumVisualStudioVersion = 10.0.40219.1
Project("{FAE04EC0-301F-11D3-BF4B-00C04F79EFBC}") = "Bibliotheques.API", "Bibliotheques.API\Bibliotheques.API.csproj", "{E5A03C01-FD98-4C67-AFCD-D76B12E07BC1}"
	ProjectSection(ProjectDependencies) = postProject
		{2C7AD723-CBB7-4A4D-A545-CEDF9451BFEA} = {2C7AD723-CBB7-4A4D-A545-CEDF9451BFEA}
		{3AA87329-6E82-4654-9F16-BBE82F63C3C8} = {3AA87329-6E82-4654-9F16-BBE82F63C3C8}
	EndProjectSection
EndProject
Project("{FAE04EC0-301F-11D3-BF4B-00C04F79EFBC}") = "Bibliotheques.ApplicationCore", "Bibliotheques.ApplicationCore\Bibliotheques.ApplicationCore.csproj", "{3AA87329-6E82-4654-9F16-BBE82F63C3C8}"
EndProject
Project("{FAE04EC0-301F-11D3-BF4B-00C04F79EFBC}") = "Bibliotheques.Infrastructure", "Bibliotheques.Infrastructure\Bibliotheques.Infrastructure.csproj", "{2C7AD723-CBB7-4A4D-A545-CEDF9451BFEA}"
	ProjectSection(ProjectDependencies) = postProject
		{3AA87329-6E82-4654-9F16-BBE82F63C3C8} = {3AA87329-6E82-4654-9F16-BBE82F63C3C8}
	EndProjectSection
EndProject
Project("{FAE04EC0-301F-11D3-BF4B-00C04F79EFBC}") = "BibliothequeLIPAJOLI", "BibliothequeLIPAJOLI\BibliothequeLIPAJOLI.csproj", "{CC731826-DC3E-4424-9B0B-0ADCA427F339}"
EndProject
Project("{2150E333-8FDC-42A3-9474-1A3956D46DE8}") = "tests", "tests", "{0AB3BF05-4346-4AA6-1389-037BE0695223}"
EndProject
Project("{FAE04EC0-301F-11D3-BF4B-00C04F79EFBC}") = "Bibliotheques.API.Tests", "tests\Bibliotheques.API.Tests\Bibliotheques.API.Tests.csproj", "{1592AB2E-EF7A-497D-9EC6-3D8B4FF0CB7B}"
EndProject
Project("{FAE04EC0-301F-11D3-BF4B-00C04F79EFBC}") = "Bibliotheques.API.TestsFonctionnels", "tests\Bibliotheques.API.TestsFonctionnels\Bibliotheques.API.TestsFonctionnels.csproj", "{7C54285D-DF91-424A-8A94-253590E27412}"
EndProject
Project("{FAE04EC0-301F-11D3-BF4B-00C04F79EFBC}") = "Bibliotheques.Infrastructure.TestsIntegration", "tests\Bibliotheques.Infrastructure.TestsIntegration\Bibliotheques.Infrastructure.TestsIntegration.csproj", "{3CE691BA-D76C-4C5C-B59B-AA25D449F71E}"
EndProject
Project("{FAE04EC0-301F-11D3-BF4B-00C04F79EFBC}") = "BibliothequeLIPAJOLI.Tests", "tests\BibliothequeLIPAJOLI.Tests\BibliothequeLIPAJOLI.Tests.csproj", "{7B93F05C-D569-402B-A86B-FEA095B60B40}"
EndProject
Global
	GlobalSection(SolutionConfigurationPlatforms) = preSolution
		Debug|Any CPU = Debug|Any CPU
		Debug|x64 = Debug|x64
		Debug|x86 = Debug|x86
		Release|Any CPU = Release|Any CPU
		Release|x64 = Release|x64
		Release|x86 = Release|x86
	EndGlobalSection
	GlobalSection(ProjectConfigurationPlatforms) = postSolution
		{E5A03C01-FD98-4C67-AFCD-D76B12E07BC1}.Debug|Any CPU.ActiveCfg = Debug|Any CPU
		{E5A03C01-FD98-4C67-AFCD-D76B12E07BC1}.Debug|Any CPU.Build.0 = Debug|Any CPU
		{E5A03C01-FD98-4C67-AFCD-D76B12E07BC1}.Debug|x64.ActiveCfg = Debug|Any CPU
		{E5A03C01-FD98-4C67-AFCD-D76B12E07BC1}.Debug|x64.Build.0 = Debug|Any CPU
		{E5A03C01-FD98-4C67-AFCD-D76B12E07BC1}.Debug|x86.ActiveCfg = Debug|Any CPU
		{E5A03C01-FD98-4C67-AFCD-D76B12E07BC1}.Debug|x86.Build.0 = Debug|Any CPU
		{E5A03C01-FD98-4C67-AFCD-D76B12E07BC1}.Release|Any CPU.ActiveCfg = Release|Any CPU
		{E5A03C01-FD98-4C67-AFCD-D76B12E07BC1}.Release|Any CPU.Build.0 = Release|Any CPU
		{E5A03C01-FD98-4C67-AFCD-D76B12E07BC1}.Release|x64.ActiveCfg = Release|Any CPU
		{E5A03C01-FD98-4C67-AFCD-D76B12E07BC1}.Release|x64.Build.0 = Release|Any CPU
		{E5A03C01-FD98-4C67-AFCD-D76B12E07BC1}.Release|x86.ActiveCfg = Release|Any CPU
		{E5A03C01-FD98-4C67-AFCD-D76B12E07BC1}.Release|x86.Build.0 = Release|Any CPU
		{3AA87329-6E82-4654-9F16-BBE82F63C3C8}.Debug|Any CPU.ActiveCfg = Debug|Any CPU
		{3AA87329-6E82-4654-9F16-BBE82F63C3C8}.Debug|Any CPU.Build.0 = Debug|Any CPU
		{3AA87329-6E82-4654-9F16-BBE82F63C3C8}.Debug|x64.ActiveCfg = Debug|Any CPU
		{3AA87329-6E82-4654-9F16-BBE82F63C3C8}.Debug|x64.Build.0 = Debug|Any CPU
		{3AA87329-6E82-4654-9F16-BBE82F63C3C8}.Debug|x86.ActiveCfg = Debug|Any CPU
		{3AA87329-6E82-4654-9F16-BBE82F63C3C8}.Debug|x86.Build.0 = Debug|Any CPU
		{3AA87329-6E82-4654-9F16-BBE82F63C3C8}.Release|Any CPU.ActiveCfg = Release|Any CPU
		{3AA87329-6E82-4654-9F16-BBE82F63C3C8}.Release|Any CPU.Build.0 = Release|Any CPU
		{3AA87329-6E82-4654-9F16-BBE82F63C3C8}.Release|x64.ActiveCfg = Release|Any CPU
		{3AA87329-6E82-4654-9F16-BBE82F63C3C8}.Release|x64.Build.0 = Release|Any CPU
		{3AA87329-6E82-4654-9F16-BBE82F63C3C8}.Release|x86.ActiveCfg = Release|Any CPU
		{3AA87329-6E82-4654-9F16-BBE82F63C3C8}.Release|x86.Build.0 = Release|Any CPU
		{2C7AD723-CBB7-4A4D-A545-CEDF9451BFEA}.Debug|Any CPU.ActiveCfg = Debug|Any CPU
		{2C7AD723-CBB7-4A4D-A545-CEDF9451BFEA}.Debug|Any CPU.Build.0 = Debug|Any CPU
		{2C7AD723-CBB7-4A4D-A545-CEDF9451BFEA}.Debug|x64.ActiveCfg = Debug|Any CPU
		{2C7AD723-CBB7-4A4D-A545-CEDF9451BFEA}.Debug|x64.Build.0 = Debug|Any CPU
		{2C7AD723-CBB7-4A4D-A545-CEDF9451BFEA}.Debug|x86.ActiveCfg = Debug|Any CPU
		{2C7AD723-CBB7-4A4D-A545-CEDF9451BFEA}.Debug|x86.Build.0 = Debug|Any CPU
		{2C7AD723-CBB7-4A4D-A545-CEDF9451BFEA}.Release|Any CPU.ActiveCfg = Release|Any CPU
		{2C7AD723-CBB7-4A4D-A545-CEDF9451BFEA}.Release|Any CPU.Build.0 = Release|Any CPU
		{2C7AD723-CBB7-4A4D-A545-CEDF9451BFEA}.Release|x64.ActiveCfg = Release|Any CPU
		{2C7AD723-CBB7-4A4D-A545-CEDF9451BFEA}.Release|x64.Build.0 = Release|Any CPU
		{2C7AD723-CBB7-4A4D-A545-CEDF9451BFEA}.Release|x86.ActiveCfg = Release|Any CPU
		{2C7AD723-CBB7-4A4D-A545-CEDF9451BFEA}.Release|x86.Build.0 = Release|Any CPU
		{CC731826-DC3E-4424-9B0B-0ADCA427F339}.Debug|Any CPU.ActiveCfg = Debug|Any CPU
		{CC731826-DC3E-4424-9B0B-0ADCA427F339}.Debug|Any CPU.Build.0 = Debug|Any CPU
		{CC731826-DC3E-4424-9B0B-0ADCA427F339}.Debug|x64.ActiveCfg = Debug|Any CPU
		{CC731826-DC3E-4424-9B0B-0ADCA427F339}.Debug|x64.Build.0 = Debug|Any CPU
		{CC731826-DC3E-4424-9B0B-0ADCA427F339}.Debug|x86.ActiveCfg = Debug|Any CPU
		{CC731826-DC3E-4424-9B0B-0ADCA427F339}.Debug|x86.Build.0 = Debug|Any CPU
		{CC731826-DC3E-4424-9B0B-0ADCA427F339}.Release|Any CPU.ActiveCfg = Release|Any CPU
		{CC731826-DC3E-4424-9B0B-0ADCA427F339}.Release|Any CPU.Build.0 = Release|Any CPU
		{CC731826-DC3E-4424-9B0B-0ADCA427F339}.Release|x64.ActiveCfg = Release|Any CPU
		{CC731826-DC3E-4424-9B0B-0ADCA427F339}.Release|x64.Build.0 = Release|Any CPU
		{CC731826-DC3E-4424-9B0B-0ADCA427F339}.Release|x86.ActiveCfg = Release|Any CPU
		{CC731826-DC3E-4424-9B0B-0ADCA427F339}.Release|x86.Build.0 = Release|Any CPU
		{1592AB2E-EF7A-497D-9EC6-3D8B4FF0CB7B}.Debug|Any CPU.ActiveCfg = Debug|Any CPU
		{1592AB2E-EF7A-497D-9EC6-3D8B4FF0CB7B}.Debug|Any CPU.Build.0 = Debug|Any CPU
		{1592AB2E-EF7A-497D-9EC6-3D8B4FF0CB7B}.Debug|x64.ActiveCfg = Debug|Any CPU
		{1592AB2E-EF7A-497D-9EC6-3D8B4FF0CB7B}.Debug|x64.Build.0 = Debug|Any CPU
		{1592AB2E-EF7A-497D-9EC6-3D8B4FF0CB7B}.Debug|x86.ActiveCfg = Debug|Any CPU
		{1592AB2E-EF7A-497D-9EC6-3D8B4FF0CB7B}.Debug|x86.Build.0 = Debug|Any CPU
		{1592AB2E-EF7A-497D-9EC6-3D8B4FF0CB7B}.Release|Any CPU.ActiveCfg = Release|Any CPU
		{1592AB2E-EF7A-497D-9EC6-3D8B4FF0CB7B}.Release|Any CPU.Build.0 = Release|Any CPU
		{1592AB2E-EF7A-497D-9EC6-3D8B4FF0CB7B}.Release|x64.ActiveCfg = Release|Any CPU
		{1592AB2E-EF7A-497D-9EC6-3D8B4FF0CB7B}.Release|x64.Build.0 = Release|Any CPU
		{1592AB2E-EF7A-497D-9EC6-3D8B4FF0CB7B}.Release|x86.ActiveCfg = Release|Any CPU
		{1592AB2E-EF7A-497D-9EC6-3D8B4FF0CB7B}.Release|x86.Build.0 = Release|Any CPU
		{7C54285D-DF91-424A-8A94-253590E27412}.Debug|Any CPU.ActiveCfg = Debug|Any CPU
		{7C54285D-DF91-424A-8A94-253590E27412}.Debug|Any CPU.Build.0 = Debug|Any CPU
		{7C54285D-DF91-424A-8A94-253590E27412}.Debug|x64.ActiveCfg = Debug|Any CPU
		{7C54285D-DF91-424A-8A94-253590E27412}.Debug|x64.Build.0 = Debug|Any CPU
		{7C54285D-DF91-424A-8A94-253590E27412}.Debug|x86.ActiveCfg = Debug|Any CPU
		{7C54285D-DF91-424A-8A94-253590E27412}.Debug|x86.Build.0 = Debug|Any CPU
		{7C54285D-DF91-424A-8A94-253590E27412}.Release|Any CPU.ActiveCfg = Release|Any CPU
		{7C54285D-DF91-424A-8A94-253590E27412}.Release|Any CPU.Build.0 = Release|Any CPU
		{7C54285D-DF91-424A-8A94-253590E27412}.Release|x64.ActiveCfg = Release|Any CPU
		{7C54285D-DF91-424A-8A94-253590E27412}.Release|x64.Build.0 = Release|Any CPU
		{7C54285D-DF91-424A-8A94-253590E27412}.Release|x86.ActiveCfg = Release|Any CPU
		{7C54285D-DF91-424A-8A94-253590E27412}.Release|x86.Build.0 = Release|Any CPU
		{3CE691BA-D76C-4C5C-B59B-AA25D449F71E}.Debug|Any CPU.ActiveCfg = Debug|Any CPU
		{3CE691BA-D76C-4C5C-B59B-AA25D449F71E}.Debug|Any CPU.Build.0 = Debug|Any CPU
		{3CE691BA-D76C-4C5C-B59B-AA25D449F71E}.Debug|x64.ActiveCfg = Debug|Any CPU
		{3CE691BA-D76C-4C5C-B59B-AA25D449F71E}.Debug|x64.Build.0 = Debug|Any CPU
		{3CE691BA-D76C-4C5C-B59B-AA25D449F71E}.Debug|x86.ActiveCfg = Debug|Any CPU
		{3CE691BA-D76C-4C5C-B59B-AA25D449F71E}.Debug|x86.Build.0 = Debug|Any CPU
		{3CE691BA-D76C-4C5C-B59B-AA25D449F71E}.Release|Any CPU.ActiveCfg = Release|Any CPU
		{3CE691BA-D76C-4C5C-B59B-AA25D449F71E}.Release|Any CPU.Build.0 = Release|Any CPU
		{3CE691BA-D76C-4C5C-B59B-AA25D449F71E}.Release|x64.ActiveCfg = Release|Any CPU
		{3CE691BA-D76C-4C5C-B59B-AA25D449F71E}.Release|x64.Build.0 = Release|Any CPU
		{3CE691BA-D76C-4C5C-B59B-AA25D449F71E}.Release|x86.ActiveCfg = Release|Any CPU
		{3CE691BA-D76C-4C5C-B59B-AA25D449F71E}.Release|x86.Build.0 = Release|Any CPU
		{7B93F05C-D569-402B-A86B-FEA095B60B40}.Debug|Any CPU.ActiveCfg = Debug|Any CPU
		{7B93F05C-D569-402B-A86B-FEA095B60B40}.Debug|Any CPU.Build.0 = Debug|Any CPU
		{7B93F05C-D569-402B-A86B-FEA095B60B40}.Debug|x64.ActiveCfg = Debug|Any CPU
		{7B93F05C-D569-402B-A86B-FEA095B60B40}.Debug|x64.Build.0 = Debug|Any CPU
		{7B93F05C-D569-402B-A86B-FEA095B60B40}.Debug|x86.ActiveCfg = Debug|Any CPU
		{7B93F05C-D569-402B-A86B-FEA095B60B40}.Debug|x86.Build.0 = Debug|Any CPU
		{7B93F05C-D569-402B-A86B-FEA095B60B40}.Release|Any CPU.ActiveCfg = Release|Any CPU
		{7B93F05C-D569-402B-A86B-FEA095B60B40}.Release|Any CPU.Build.0 = Release|Any CPU
		{7B93F05C-D569-402B-A86B-FEA095B60B40}.Release|x64.ActiveCfg = Release|Any CPU
		{7B93F05C-D569-402B-A86B-FEA095B60B40}.Release|x64.Build.0 = Release|Any CPU
		{7B93F05C-D569-402B-A86B-FEA095B60B40}.Release|x86.ActiveCfg = Release|Any CPU
		{7B93F05C-D569-402B-A86B-FEA095B60B40}.Release|x86.Build.0 = Release|Any CPU
	EndGlobalSection
	GlobalSection(SolutionProperties) = preSolution
		HideSolutionNode = FALSE
	EndGlobalSection
	GlobalSection(NestedProjects) = preSolution
		{1592AB2E-EF7A-497D-9EC6-3D8B4FF0CB7B} = {0AB3BF05-4346-4AA6-1389-037BE0695223}
		{7C54285D-DF91-424A-8A94-253590E27412} = {0AB3BF05-4346-4AA6-1389-037BE0695223}
		{3CE691BA-D76C-4C5C-B59B-AA25D449F71E} = {0AB3BF05-4346-4AA6-1389-037BE0695223}
		{7B93F05C-D569-402B-A86B-FEA095B60B40} = {0AB3BF05-4346-4AA6-1389-037BE0695223}
	EndGlobalSection
EndGlobal
