
Microsoft Visual Studio Solution File, Format Version 12.00
# Visual Studio Version 17
VisualStudioVersion = 17.12.35506.116
MinimumVisualStudioVersion = 10.0.40219.1
Project("{FAE04EC0-301F-11D3-BF4B-00C04F79EFBC}") = "Bibliotheques.API", "Bibliotheques.API\Bibliotheques.API.csproj", "{E5A03C01-FD98-4C67-AFCD-D76B12E07BC1}"
	ProjectSection(ProjectDependencies) = postProject
		{2C7AD723-CBB7-4A4D-A545-CEDF9451BFEA} = {2C7AD723-CBB7-4A4D-A545-CEDF9451BFEA}
		{3AA87329-6E82-4654-9F16-BBE82F63C3C8} = {3AA87329-6E82-4654-9F16-BBE82F63C3C8}
	EndProjectSection
EndProject
Project("{FAE04EC0-301F-11D3-BF4B-00C04F79EFBC}") = "Bibliotheques.ApplicationCore", "Bibliotheques.ApplicationCore\Bibliotheques.ApplicationCore.csproj", "{3AA87329-6E82-4654-9F16-BBE82F63C3C8}"
EndProject
Project("{FAE04EC0-301F-11D3-BF4B-00C04F79EFBC}") = "Bibliotheques.Infrastructure", "Bibliotheques.Infrastructure\Bibliotheques.Infrastructure.csproj", "{2C7AD723-CBB7-4A4D-A545-CEDF9451BFEA}"
	ProjectSection(ProjectDependencies) = postProject
		{3AA87329-6E82-4654-9F16-BBE82F63C3C8} = {3AA87329-6E82-4654-9F16-BBE82F63C3C8}
	EndProjectSection
EndProject
Project("{FAE04EC0-301F-11D3-BF4B-00C04F79EFBC}") = "BibliothequeLIPAJOLI", "BibliothequeLIPAJOLI\BibliothequeLIPAJOLI.csproj", "{CC731826-DC3E-4424-9B0B-0ADCA427F339}"
EndProject
Project("{FAE04EC0-301F-11D3-BF4B-00C04F79EFBC}") = "Bibliotheques.API.Tests", "Bibliotheques.API.Tests\Bibliotheques.API.Tests.csproj", "{655DC560-9075-4C4C-B1F6-06E5D4F4545C}"
EndProject
Project("{FAE04EC0-301F-11D3-BF4B-00C04F79EFBC}") = "BibliothequeLIPAJOLI.Tests", "BibliothequeLIPAJOLI.Tests\BibliothequeLIPAJOLI.Tests.csproj", "{C87982FE-DD78-447D-AE5D-D9DA18291AAB}"
EndProject
Project("{FAE04EC0-301F-11D3-BF4B-00C04F79EFBC}") = "Bibliotheques.Infrastructure.TestsIntegration", "Bibliotheques.Infrastructure.TestsIntegration\Bibliotheques.Infrastructure.TestsIntegration.csproj", "{6F89B14D-4E88-43BE-89D6-E8A169F44C92}"
EndProject
Project("{FAE04EC0-301F-11D3-BF4B-00C04F79EFBC}") = "Bibliotheques.API.TestsFonctionnels", "Bibliotheques.API.TestsFonctionnels\Bibliotheques.API.TestsFonctionnels.csproj", "{305F0FF2-171A-419E-8CE1-7B20882DEF47}"
EndProject
Global
	GlobalSection(SolutionConfigurationPlatforms) = preSolution
		Debug|Any CPU = Debug|Any CPU
		Debug|x64 = Debug|x64
		Debug|x86 = Debug|x86
		Release|Any CPU = Release|Any CPU
		Release|x64 = Release|x64
		Release|x86 = Release|x86
	EndGlobalSection
	GlobalSection(ProjectConfigurationPlatforms) = postSolution
		{E5A03C01-FD98-4C67-AFCD-D76B12E07BC1}.Debug|Any CPU.ActiveCfg = Debug|Any CPU
		{E5A03C01-FD98-4C67-AFCD-D76B12E07BC1}.Debug|Any CPU.Build.0 = Debug|Any CPU
		{E5A03C01-FD98-4C67-AFCD-D76B12E07BC1}.Debug|x64.ActiveCfg = Debug|Any CPU
		{E5A03C01-FD98-4C67-AFCD-D76B12E07BC1}.Debug|x64.Build.0 = Debug|Any CPU
		{E5A03C01-FD98-4C67-AFCD-D76B12E07BC1}.Debug|x86.ActiveCfg = Debug|Any CPU
		{E5A03C01-FD98-4C67-AFCD-D76B12E07BC1}.Debug|x86.Build.0 = Debug|Any CPU
		{E5A03C01-FD98-4C67-AFCD-D76B12E07BC1}.Release|Any CPU.ActiveCfg = Release|Any CPU
		{E5A03C01-FD98-4C67-AFCD-D76B12E07BC1}.Release|Any CPU.Build.0 = Release|Any CPU
		{E5A03C01-FD98-4C67-AFCD-D76B12E07BC1}.Release|x64.ActiveCfg = Release|Any CPU
		{E5A03C01-FD98-4C67-AFCD-D76B12E07BC1}.Release|x64.Build.0 = Release|Any CPU
		{E5A03C01-FD98-4C67-AFCD-D76B12E07BC1}.Release|x86.ActiveCfg = Release|Any CPU
		{E5A03C01-FD98-4C67-AFCD-D76B12E07BC1}.Release|x86.Build.0 = Release|Any CPU
		{3AA87329-6E82-4654-9F16-BBE82F63C3C8}.Debug|Any CPU.ActiveCfg = Debug|Any CPU
		{3AA87329-6E82-4654-9F16-BBE82F63C3C8}.Debug|Any CPU.Build.0 = Debug|Any CPU
		{3AA87329-6E82-4654-9F16-BBE82F63C3C8}.Debug|x64.ActiveCfg = Debug|Any CPU
		{3AA87329-6E82-4654-9F16-BBE82F63C3C8}.Debug|x64.Build.0 = Debug|Any CPU
		{3AA87329-6E82-4654-9F16-BBE82F63C3C8}.Debug|x86.ActiveCfg = Debug|Any CPU
		{3AA87329-6E82-4654-9F16-BBE82F63C3C8}.Debug|x86.Build.0 = Debug|Any CPU
		{3AA87329-6E82-4654-9F16-BBE82F63C3C8}.Release|Any CPU.ActiveCfg = Release|Any CPU
		{3AA87329-6E82-4654-9F16-BBE82F63C3C8}.Release|Any CPU.Build.0 = Release|Any CPU
		{3AA87329-6E82-4654-9F16-BBE82F63C3C8}.Release|x64.ActiveCfg = Release|Any CPU
		{3AA87329-6E82-4654-9F16-BBE82F63C3C8}.Release|x64.Build.0 = Release|Any CPU
		{3AA87329-6E82-4654-9F16-BBE82F63C3C8}.Release|x86.ActiveCfg = Release|Any CPU
		{3AA87329-6E82-4654-9F16-BBE82F63C3C8}.Release|x86.Build.0 = Release|Any CPU
		{2C7AD723-CBB7-4A4D-A545-CEDF9451BFEA}.Debug|Any CPU.ActiveCfg = Debug|Any CPU
		{2C7AD723-CBB7-4A4D-A545-CEDF9451BFEA}.Debug|Any CPU.Build.0 = Debug|Any CPU
		{2C7AD723-CBB7-4A4D-A545-CEDF9451BFEA}.Debug|x64.ActiveCfg = Debug|Any CPU
		{2C7AD723-CBB7-4A4D-A545-CEDF9451BFEA}.Debug|x64.Build.0 = Debug|Any CPU
		{2C7AD723-CBB7-4A4D-A545-CEDF9451BFEA}.Debug|x86.ActiveCfg = Debug|Any CPU
		{2C7AD723-CBB7-4A4D-A545-CEDF9451BFEA}.Debug|x86.Build.0 = Debug|Any CPU
		{2C7AD723-CBB7-4A4D-A545-CEDF9451BFEA}.Release|Any CPU.ActiveCfg = Release|Any CPU
		{2C7AD723-CBB7-4A4D-A545-CEDF9451BFEA}.Release|Any CPU.Build.0 = Release|Any CPU
		{2C7AD723-CBB7-4A4D-A545-CEDF9451BFEA}.Release|x64.ActiveCfg = Release|Any CPU
		{2C7AD723-CBB7-4A4D-A545-CEDF9451BFEA}.Release|x64.Build.0 = Release|Any CPU
		{2C7AD723-CBB7-4A4D-A545-CEDF9451BFEA}.Release|x86.ActiveCfg = Release|Any CPU
		{2C7AD723-CBB7-4A4D-A545-CEDF9451BFEA}.Release|x86.Build.0 = Release|Any CPU
		{CC731826-DC3E-4424-9B0B-0ADCA427F339}.Debug|Any CPU.ActiveCfg = Debug|Any CPU
		{CC731826-DC3E-4424-9B0B-0ADCA427F339}.Debug|Any CPU.Build.0 = Debug|Any CPU
		{CC731826-DC3E-4424-9B0B-0ADCA427F339}.Debug|x64.ActiveCfg = Debug|Any CPU
		{CC731826-DC3E-4424-9B0B-0ADCA427F339}.Debug|x64.Build.0 = Debug|Any CPU
		{CC731826-DC3E-4424-9B0B-0ADCA427F339}.Debug|x86.ActiveCfg = Debug|Any CPU
		{CC731826-DC3E-4424-9B0B-0ADCA427F339}.Debug|x86.Build.0 = Debug|Any CPU
		{CC731826-DC3E-4424-9B0B-0ADCA427F339}.Release|Any CPU.ActiveCfg = Release|Any CPU
		{CC731826-DC3E-4424-9B0B-0ADCA427F339}.Release|Any CPU.Build.0 = Release|Any CPU
		{CC731826-DC3E-4424-9B0B-0ADCA427F339}.Release|x64.ActiveCfg = Release|Any CPU
		{CC731826-DC3E-4424-9B0B-0ADCA427F339}.Release|x64.Build.0 = Release|Any CPU
		{CC731826-DC3E-4424-9B0B-0ADCA427F339}.Release|x86.ActiveCfg = Release|Any CPU
		{CC731826-DC3E-4424-9B0B-0ADCA427F339}.Release|x86.Build.0 = Release|Any CPU
		{655DC560-9075-4C4C-B1F6-06E5D4F4545C}.Debug|Any CPU.ActiveCfg = Debug|Any CPU
		{655DC560-9075-4C4C-B1F6-06E5D4F4545C}.Debug|Any CPU.Build.0 = Debug|Any CPU
		{655DC560-9075-4C4C-B1F6-06E5D4F4545C}.Debug|x64.ActiveCfg = Debug|Any CPU
		{655DC560-9075-4C4C-B1F6-06E5D4F4545C}.Debug|x64.Build.0 = Debug|Any CPU
		{655DC560-9075-4C4C-B1F6-06E5D4F4545C}.Debug|x86.ActiveCfg = Debug|Any CPU
		{655DC560-9075-4C4C-B1F6-06E5D4F4545C}.Debug|x86.Build.0 = Debug|Any CPU
		{655DC560-9075-4C4C-B1F6-06E5D4F4545C}.Release|Any CPU.ActiveCfg = Release|Any CPU
		{655DC560-9075-4C4C-B1F6-06E5D4F4545C}.Release|Any CPU.Build.0 = Release|Any CPU
		{655DC560-9075-4C4C-B1F6-06E5D4F4545C}.Release|x64.ActiveCfg = Release|Any CPU
		{655DC560-9075-4C4C-B1F6-06E5D4F4545C}.Release|x64.Build.0 = Release|Any CPU
		{655DC560-9075-4C4C-B1F6-06E5D4F4545C}.Release|x86.ActiveCfg = Release|Any CPU
		{655DC560-9075-4C4C-B1F6-06E5D4F4545C}.Release|x86.Build.0 = Release|Any CPU
		{C87982FE-DD78-447D-AE5D-D9DA18291AAB}.Debug|Any CPU.ActiveCfg = Debug|Any CPU
		{C87982FE-DD78-447D-AE5D-D9DA18291AAB}.Debug|Any CPU.Build.0 = Debug|Any CPU
		{C87982FE-DD78-447D-AE5D-D9DA18291AAB}.Debug|x64.ActiveCfg = Debug|Any CPU
		{C87982FE-DD78-447D-AE5D-D9DA18291AAB}.Debug|x64.Build.0 = Debug|Any CPU
		{C87982FE-DD78-447D-AE5D-D9DA18291AAB}.Debug|x86.ActiveCfg = Debug|Any CPU
		{C87982FE-DD78-447D-AE5D-D9DA18291AAB}.Debug|x86.Build.0 = Debug|Any CPU
		{C87982FE-DD78-447D-AE5D-D9DA18291AAB}.Release|Any CPU.ActiveCfg = Release|Any CPU
		{C87982FE-DD78-447D-AE5D-D9DA18291AAB}.Release|Any CPU.Build.0 = Release|Any CPU
		{C87982FE-DD78-447D-AE5D-D9DA18291AAB}.Release|x64.ActiveCfg = Release|Any CPU
		{C87982FE-DD78-447D-AE5D-D9DA18291AAB}.Release|x64.Build.0 = Release|Any CPU
		{C87982FE-DD78-447D-AE5D-D9DA18291AAB}.Release|x86.ActiveCfg = Release|Any CPU
		{C87982FE-DD78-447D-AE5D-D9DA18291AAB}.Release|x86.Build.0 = Release|Any CPU
		{6F89B14D-4E88-43BE-89D6-E8A169F44C92}.Debug|Any CPU.ActiveCfg = Debug|Any CPU
		{6F89B14D-4E88-43BE-89D6-E8A169F44C92}.Debug|Any CPU.Build.0 = Debug|Any CPU
		{6F89B14D-4E88-43BE-89D6-E8A169F44C92}.Debug|x64.ActiveCfg = Debug|Any CPU
		{6F89B14D-4E88-43BE-89D6-E8A169F44C92}.Debug|x64.Build.0 = Debug|Any CPU
		{6F89B14D-4E88-43BE-89D6-E8A169F44C92}.Debug|x86.ActiveCfg = Debug|Any CPU
		{6F89B14D-4E88-43BE-89D6-E8A169F44C92}.Debug|x86.Build.0 = Debug|Any CPU
		{6F89B14D-4E88-43BE-89D6-E8A169F44C92}.Release|Any CPU.ActiveCfg = Release|Any CPU
		{6F89B14D-4E88-43BE-89D6-E8A169F44C92}.Release|Any CPU.Build.0 = Release|Any CPU
		{6F89B14D-4E88-43BE-89D6-E8A169F44C92}.Release|x64.ActiveCfg = Release|Any CPU
		{6F89B14D-4E88-43BE-89D6-E8A169F44C92}.Release|x64.Build.0 = Release|Any CPU
		{6F89B14D-4E88-43BE-89D6-E8A169F44C92}.Release|x86.ActiveCfg = Release|Any CPU
		{6F89B14D-4E88-43BE-89D6-E8A169F44C92}.Release|x86.Build.0 = Release|Any CPU
		{305F0FF2-171A-419E-8CE1-7B20882DEF47}.Debug|Any CPU.ActiveCfg = Debug|Any CPU
		{305F0FF2-171A-419E-8CE1-7B20882DEF47}.Debug|Any CPU.Build.0 = Debug|Any CPU
		{305F0FF2-171A-419E-8CE1-7B20882DEF47}.Debug|x64.ActiveCfg = Debug|Any CPU
		{305F0FF2-171A-419E-8CE1-7B20882DEF47}.Debug|x64.Build.0 = Debug|Any CPU
		{305F0FF2-171A-419E-8CE1-7B20882DEF47}.Debug|x86.ActiveCfg = Debug|Any CPU
		{305F0FF2-171A-419E-8CE1-7B20882DEF47}.Debug|x86.Build.0 = Debug|Any CPU
		{305F0FF2-171A-419E-8CE1-7B20882DEF47}.Release|Any CPU.ActiveCfg = Release|Any CPU
		{305F0FF2-171A-419E-8CE1-7B20882DEF47}.Release|Any CPU.Build.0 = Release|Any CPU
		{305F0FF2-171A-419E-8CE1-7B20882DEF47}.Release|x64.ActiveCfg = Release|Any CPU
		{305F0FF2-171A-419E-8CE1-7B20882DEF47}.Release|x64.Build.0 = Release|Any CPU
		{305F0FF2-171A-419E-8CE1-7B20882DEF47}.Release|x86.ActiveCfg = Release|Any CPU
		{305F0FF2-171A-419E-8CE1-7B20882DEF47}.Release|x86.Build.0 = Release|Any CPU
	EndGlobalSection
	GlobalSection(SolutionProperties) = preSolution
		HideSolutionNode = FALSE
	EndGlobalSection
EndGlobal
