
Microsoft Visual Studio Solution File, Format Version 12.00
# Visual Studio Version 17
VisualStudioVersion = 17.12.35506.116
MinimumVisualStudioVersion = 10.0.40219.1
Project("{2150E333-8FDC-42A3-9474-1A3956D46DE8}") = "tests", "tests", "{0AB3BF05-4346-4AA6-1389-037BE0695223}"
EndProject
Project("{FAE04EC0-301F-11D3-BF4B-00C04F79EFBC}") = "Bibliotheques.API.Tests", "tests\Bibliotheques.API.Tests\Bibliotheques.API.Tests.csproj", "{1592AB2E-EF7A-497D-9EC6-3D8B4FF0CB7B}"
EndProject
Project("{FAE04EC0-301F-11D3-BF4B-00C04F79EFBC}") = "Bibliotheques.API.TestsFonctionnels", "tests\Bibliotheques.API.TestsFonctionnels\Bibliotheques.API.TestsFonctionnels.csproj", "{7C54285D-DF91-424A-8A94-253590E27412}"
EndProject
Project("{FAE04EC0-301F-11D3-BF4B-00C04F79EFBC}") = "Bibliotheques.Infrastructure.TestsIntegration", "tests\Bibliotheques.Infrastructure.TestsIntegration\Bibliotheques.Infrastructure.TestsIntegration.csproj", "{3CE691BA-D76C-4C5C-B59B-AA25D449F71E}"
EndProject
Project("{FAE04EC0-301F-11D3-BF4B-00C04F79EFBC}") = "BibliothequeLIPAJOLI.Tests", "tests\BibliothequeLIPAJOLI.Tests\BibliothequeLIPAJOLI.Tests.csproj", "{7B93F05C-D569-402B-A86B-FEA095B60B40}"
EndProject
Project("{2150E333-8FDC-42A3-9474-1A3956D46DE8}") = "src", "src", "{827E0CD3-B72D-47B6-A68D-7590B98EB39B}"
EndProject
Project("{FAE04EC0-301F-11D3-BF4B-00C04F79EFBC}") = "Bibliotheques.API", "src\Bibliotheques.API\Bibliotheques.API.csproj", "{F1E4FBB5-2ADD-4C8E-B786-E474A65698BE}"
EndProject
Project("{FAE04EC0-301F-11D3-BF4B-00C04F79EFBC}") = "Bibliotheques.ApplicationCore", "src\Bibliotheques.ApplicationCore\Bibliotheques.ApplicationCore.csproj", "{BCE6525B-C7AE-418F-BDF9-AF3B7AF38B2E}"
EndProject
Project("{FAE04EC0-301F-11D3-BF4B-00C04F79EFBC}") = "Bibliotheques.Infrastructure", "src\Bibliotheques.Infrastructure\Bibliotheques.Infrastructure.csproj", "{9E9E4471-7BE0-4578-8CAC-D87E67723699}"
EndProject
Project("{FAE04EC0-301F-11D3-BF4B-00C04F79EFBC}") = "BibliothequeLIPAJOLI", "src\BibliothequeLIPAJOLI\BibliothequeLIPAJOLI.csproj", "{14B28F12-3230-4014-A8D6-1948DBA37161}"
EndProject
Project("{FAE04EC0-301F-11D3-BF4B-00C04F79EFBC}") = "BibliothequeLIPAJOLI.TestsFonctionnels", "tests\BibliothequeLIPAJOLI.TestsFonctionnels\BibliothequeLIPAJOLI.TestsFonctionnels.csproj", "{3337C2D3-03FC-485A-9DF2-B98E48EB96E4}"
EndProject
Global
	GlobalSection(SolutionConfigurationPlatforms) = preSolution
		Debug|Any CPU = Debug|Any CPU
		Debug|x64 = Debug|x64
		Debug|x86 = Debug|x86
		Release|Any CPU = Release|Any CPU
		Release|x64 = Release|x64
		Release|x86 = Release|x86
	EndGlobalSection
	GlobalSection(ProjectConfigurationPlatforms) = postSolution
		{1592AB2E-EF7A-497D-9EC6-3D8B4FF0CB7B}.Debug|Any CPU.ActiveCfg = Debug|Any CPU
		{1592AB2E-EF7A-497D-9EC6-3D8B4FF0CB7B}.Debug|Any CPU.Build.0 = Debug|Any CPU
		{1592AB2E-EF7A-497D-9EC6-3D8B4FF0CB7B}.Debug|x64.ActiveCfg = Debug|Any CPU
		{1592AB2E-EF7A-497D-9EC6-3D8B4FF0CB7B}.Debug|x64.Build.0 = Debug|Any CPU
		{1592AB2E-EF7A-497D-9EC6-3D8B4FF0CB7B}.Debug|x86.ActiveCfg = Debug|Any CPU
		{1592AB2E-EF7A-497D-9EC6-3D8B4FF0CB7B}.Debug|x86.Build.0 = Debug|Any CPU
		{1592AB2E-EF7A-497D-9EC6-3D8B4FF0CB7B}.Release|Any CPU.ActiveCfg = Release|Any CPU
		{1592AB2E-EF7A-497D-9EC6-3D8B4FF0CB7B}.Release|Any CPU.Build.0 = Release|Any CPU
		{1592AB2E-EF7A-497D-9EC6-3D8B4FF0CB7B}.Release|x64.ActiveCfg = Release|Any CPU
		{1592AB2E-EF7A-497D-9EC6-3D8B4FF0CB7B}.Release|x64.Build.0 = Release|Any CPU
		{1592AB2E-EF7A-497D-9EC6-3D8B4FF0CB7B}.Release|x86.ActiveCfg = Release|Any CPU
		{1592AB2E-EF7A-497D-9EC6-3D8B4FF0CB7B}.Release|x86.Build.0 = Release|Any CPU
		{7C54285D-DF91-424A-8A94-253590E27412}.Debug|Any CPU.ActiveCfg = Debug|Any CPU
		{7C54285D-DF91-424A-8A94-253590E27412}.Debug|Any CPU.Build.0 = Debug|Any CPU
		{7C54285D-DF91-424A-8A94-253590E27412}.Debug|x64.ActiveCfg = Debug|Any CPU
		{7C54285D-DF91-424A-8A94-253590E27412}.Debug|x64.Build.0 = Debug|Any CPU
		{7C54285D-DF91-424A-8A94-253590E27412}.Debug|x86.ActiveCfg = Debug|Any CPU
		{7C54285D-DF91-424A-8A94-253590E27412}.Debug|x86.Build.0 = Debug|Any CPU
		{7C54285D-DF91-424A-8A94-253590E27412}.Release|Any CPU.ActiveCfg = Release|Any CPU
		{7C54285D-DF91-424A-8A94-253590E27412}.Release|Any CPU.Build.0 = Release|Any CPU
		{7C54285D-DF91-424A-8A94-253590E27412}.Release|x64.ActiveCfg = Release|Any CPU
		{7C54285D-DF91-424A-8A94-253590E27412}.Release|x64.Build.0 = Release|Any CPU
		{7C54285D-DF91-424A-8A94-253590E27412}.Release|x86.ActiveCfg = Release|Any CPU
		{7C54285D-DF91-424A-8A94-253590E27412}.Release|x86.Build.0 = Release|Any CPU
		{3CE691BA-D76C-4C5C-B59B-AA25D449F71E}.Debug|Any CPU.ActiveCfg = Debug|Any CPU
		{3CE691BA-D76C-4C5C-B59B-AA25D449F71E}.Debug|Any CPU.Build.0 = Debug|Any CPU
		{3CE691BA-D76C-4C5C-B59B-AA25D449F71E}.Debug|x64.ActiveCfg = Debug|Any CPU
		{3CE691BA-D76C-4C5C-B59B-AA25D449F71E}.Debug|x64.Build.0 = Debug|Any CPU
		{3CE691BA-D76C-4C5C-B59B-AA25D449F71E}.Debug|x86.ActiveCfg = Debug|Any CPU
		{3CE691BA-D76C-4C5C-B59B-AA25D449F71E}.Debug|x86.Build.0 = Debug|Any CPU
		{3CE691BA-D76C-4C5C-B59B-AA25D449F71E}.Release|Any CPU.ActiveCfg = Release|Any CPU
		{3CE691BA-D76C-4C5C-B59B-AA25D449F71E}.Release|Any CPU.Build.0 = Release|Any CPU
		{3CE691BA-D76C-4C5C-B59B-AA25D449F71E}.Release|x64.ActiveCfg = Release|Any CPU
		{3CE691BA-D76C-4C5C-B59B-AA25D449F71E}.Release|x64.Build.0 = Release|Any CPU
		{3CE691BA-D76C-4C5C-B59B-AA25D449F71E}.Release|x86.ActiveCfg = Release|Any CPU
		{3CE691BA-D76C-4C5C-B59B-AA25D449F71E}.Release|x86.Build.0 = Release|Any CPU
		{7B93F05C-D569-402B-A86B-FEA095B60B40}.Debug|Any CPU.ActiveCfg = Debug|Any CPU
		{7B93F05C-D569-402B-A86B-FEA095B60B40}.Debug|Any CPU.Build.0 = Debug|Any CPU
		{7B93F05C-D569-402B-A86B-FEA095B60B40}.Debug|x64.ActiveCfg = Debug|Any CPU
		{7B93F05C-D569-402B-A86B-FEA095B60B40}.Debug|x64.Build.0 = Debug|Any CPU
		{7B93F05C-D569-402B-A86B-FEA095B60B40}.Debug|x86.ActiveCfg = Debug|Any CPU
		{7B93F05C-D569-402B-A86B-FEA095B60B40}.Debug|x86.Build.0 = Debug|Any CPU
		{7B93F05C-D569-402B-A86B-FEA095B60B40}.Release|Any CPU.ActiveCfg = Release|Any CPU
		{7B93F05C-D569-402B-A86B-FEA095B60B40}.Release|Any CPU.Build.0 = Release|Any CPU
		{7B93F05C-D569-402B-A86B-FEA095B60B40}.Release|x64.ActiveCfg = Release|Any CPU
		{7B93F05C-D569-402B-A86B-FEA095B60B40}.Release|x64.Build.0 = Release|Any CPU
		{7B93F05C-D569-402B-A86B-FEA095B60B40}.Release|x86.ActiveCfg = Release|Any CPU
		{7B93F05C-D569-402B-A86B-FEA095B60B40}.Release|x86.Build.0 = Release|Any CPU
		{F1E4FBB5-2ADD-4C8E-B786-E474A65698BE}.Debug|Any CPU.ActiveCfg = Debug|Any CPU
		{F1E4FBB5-2ADD-4C8E-B786-E474A65698BE}.Debug|Any CPU.Build.0 = Debug|Any CPU
		{F1E4FBB5-2ADD-4C8E-B786-E474A65698BE}.Debug|x64.ActiveCfg = Debug|Any CPU
		{F1E4FBB5-2ADD-4C8E-B786-E474A65698BE}.Debug|x64.Build.0 = Debug|Any CPU
		{F1E4FBB5-2ADD-4C8E-B786-E474A65698BE}.Debug|x86.ActiveCfg = Debug|Any CPU
		{F1E4FBB5-2ADD-4C8E-B786-E474A65698BE}.Debug|x86.Build.0 = Debug|Any CPU
		{F1E4FBB5-2ADD-4C8E-B786-E474A65698BE}.Release|Any CPU.ActiveCfg = Release|Any CPU
		{F1E4FBB5-2ADD-4C8E-B786-E474A65698BE}.Release|Any CPU.Build.0 = Release|Any CPU
		{F1E4FBB5-2ADD-4C8E-B786-E474A65698BE}.Release|x64.ActiveCfg = Release|Any CPU
		{F1E4FBB5-2ADD-4C8E-B786-E474A65698BE}.Release|x64.Build.0 = Release|Any CPU
		{F1E4FBB5-2ADD-4C8E-B786-E474A65698BE}.Release|x86.ActiveCfg = Release|Any CPU
		{F1E4FBB5-2ADD-4C8E-B786-E474A65698BE}.Release|x86.Build.0 = Release|Any CPU
		{BCE6525B-C7AE-418F-BDF9-AF3B7AF38B2E}.Debug|Any CPU.ActiveCfg = Debug|Any CPU
		{BCE6525B-C7AE-418F-BDF9-AF3B7AF38B2E}.Debug|Any CPU.Build.0 = Debug|Any CPU
		{BCE6525B-C7AE-418F-BDF9-AF3B7AF38B2E}.Debug|x64.ActiveCfg = Debug|Any CPU
		{BCE6525B-C7AE-418F-BDF9-AF3B7AF38B2E}.Debug|x64.Build.0 = Debug|Any CPU
		{BCE6525B-C7AE-418F-BDF9-AF3B7AF38B2E}.Debug|x86.ActiveCfg = Debug|Any CPU
		{BCE6525B-C7AE-418F-BDF9-AF3B7AF38B2E}.Debug|x86.Build.0 = Debug|Any CPU
		{BCE6525B-C7AE-418F-BDF9-AF3B7AF38B2E}.Release|Any CPU.ActiveCfg = Release|Any CPU
		{BCE6525B-C7AE-418F-BDF9-AF3B7AF38B2E}.Release|Any CPU.Build.0 = Release|Any CPU
		{BCE6525B-C7AE-418F-BDF9-AF3B7AF38B2E}.Release|x64.ActiveCfg = Release|Any CPU
		{BCE6525B-C7AE-418F-BDF9-AF3B7AF38B2E}.Release|x64.Build.0 = Release|Any CPU
		{BCE6525B-C7AE-418F-BDF9-AF3B7AF38B2E}.Release|x86.ActiveCfg = Release|Any CPU
		{BCE6525B-C7AE-418F-BDF9-AF3B7AF38B2E}.Release|x86.Build.0 = Release|Any CPU
		{9E9E4471-7BE0-4578-8CAC-D87E67723699}.Debug|Any CPU.ActiveCfg = Debug|Any CPU
		{9E9E4471-7BE0-4578-8CAC-D87E67723699}.Debug|Any CPU.Build.0 = Debug|Any CPU
		{9E9E4471-7BE0-4578-8CAC-D87E67723699}.Debug|x64.ActiveCfg = Debug|Any CPU
		{9E9E4471-7BE0-4578-8CAC-D87E67723699}.Debug|x64.Build.0 = Debug|Any CPU
		{9E9E4471-7BE0-4578-8CAC-D87E67723699}.Debug|x86.ActiveCfg = Debug|Any CPU
		{9E9E4471-7BE0-4578-8CAC-D87E67723699}.Debug|x86.Build.0 = Debug|Any CPU
		{9E9E4471-7BE0-4578-8CAC-D87E67723699}.Release|Any CPU.ActiveCfg = Release|Any CPU
		{9E9E4471-7BE0-4578-8CAC-D87E67723699}.Release|Any CPU.Build.0 = Release|Any CPU
		{9E9E4471-7BE0-4578-8CAC-D87E67723699}.Release|x64.ActiveCfg = Release|Any CPU
		{9E9E4471-7BE0-4578-8CAC-D87E67723699}.Release|x64.Build.0 = Release|Any CPU
		{9E9E4471-7BE0-4578-8CAC-D87E67723699}.Release|x86.ActiveCfg = Release|Any CPU
		{9E9E4471-7BE0-4578-8CAC-D87E67723699}.Release|x86.Build.0 = Release|Any CPU
		{14B28F12-3230-4014-A8D6-1948DBA37161}.Debug|Any CPU.ActiveCfg = Debug|Any CPU
		{14B28F12-3230-4014-A8D6-1948DBA37161}.Debug|Any CPU.Build.0 = Debug|Any CPU
		{14B28F12-3230-4014-A8D6-1948DBA37161}.Debug|x64.ActiveCfg = Debug|Any CPU
		{14B28F12-3230-4014-A8D6-1948DBA37161}.Debug|x64.Build.0 = Debug|Any CPU
		{14B28F12-3230-4014-A8D6-1948DBA37161}.Debug|x86.ActiveCfg = Debug|Any CPU
		{14B28F12-3230-4014-A8D6-1948DBA37161}.Debug|x86.Build.0 = Debug|Any CPU
		{14B28F12-3230-4014-A8D6-1948DBA37161}.Release|Any CPU.ActiveCfg = Release|Any CPU
		{14B28F12-3230-4014-A8D6-1948DBA37161}.Release|Any CPU.Build.0 = Release|Any CPU
		{14B28F12-3230-4014-A8D6-1948DBA37161}.Release|x64.ActiveCfg = Release|Any CPU
		{14B28F12-3230-4014-A8D6-1948DBA37161}.Release|x64.Build.0 = Release|Any CPU
		{14B28F12-3230-4014-A8D6-1948DBA37161}.Release|x86.ActiveCfg = Release|Any CPU
		{14B28F12-3230-4014-A8D6-1948DBA37161}.Release|x86.Build.0 = Release|Any CPU
		{3337C2D3-03FC-485A-9DF2-B98E48EB96E4}.Debug|Any CPU.ActiveCfg = Debug|Any CPU
		{3337C2D3-03FC-485A-9DF2-B98E48EB96E4}.Debug|Any CPU.Build.0 = Debug|Any CPU
		{3337C2D3-03FC-485A-9DF2-B98E48EB96E4}.Debug|x64.ActiveCfg = Debug|Any CPU
		{3337C2D3-03FC-485A-9DF2-B98E48EB96E4}.Debug|x64.Build.0 = Debug|Any CPU
		{3337C2D3-03FC-485A-9DF2-B98E48EB96E4}.Debug|x86.ActiveCfg = Debug|Any CPU
		{3337C2D3-03FC-485A-9DF2-B98E48EB96E4}.Debug|x86.Build.0 = Debug|Any CPU
		{3337C2D3-03FC-485A-9DF2-B98E48EB96E4}.Release|Any CPU.ActiveCfg = Release|Any CPU
		{3337C2D3-03FC-485A-9DF2-B98E48EB96E4}.Release|Any CPU.Build.0 = Release|Any CPU
		{3337C2D3-03FC-485A-9DF2-B98E48EB96E4}.Release|x64.ActiveCfg = Release|Any CPU
		{3337C2D3-03FC-485A-9DF2-B98E48EB96E4}.Release|x64.Build.0 = Release|Any CPU
		{3337C2D3-03FC-485A-9DF2-B98E48EB96E4}.Release|x86.ActiveCfg = Release|Any CPU
		{3337C2D3-03FC-485A-9DF2-B98E48EB96E4}.Release|x86.Build.0 = Release|Any CPU
	EndGlobalSection
	GlobalSection(SolutionProperties) = preSolution
		HideSolutionNode = FALSE
	EndGlobalSection
	GlobalSection(NestedProjects) = preSolution
		{1592AB2E-EF7A-497D-9EC6-3D8B4FF0CB7B} = {0AB3BF05-4346-4AA6-1389-037BE0695223}
		{7C54285D-DF91-424A-8A94-253590E27412} = {0AB3BF05-4346-4AA6-1389-037BE0695223}
		{3CE691BA-D76C-4C5C-B59B-AA25D449F71E} = {0AB3BF05-4346-4AA6-1389-037BE0695223}
		{7B93F05C-D569-402B-A86B-FEA095B60B40} = {0AB3BF05-4346-4AA6-1389-037BE0695223}
		{F1E4FBB5-2ADD-4C8E-B786-E474A65698BE} = {827E0CD3-B72D-47B6-A68D-7590B98EB39B}
		{BCE6525B-C7AE-418F-BDF9-AF3B7AF38B2E} = {827E0CD3-B72D-47B6-A68D-7590B98EB39B}
		{9E9E4471-7BE0-4578-8CAC-D87E67723699} = {827E0CD3-B72D-47B6-A68D-7590B98EB39B}
		{14B28F12-3230-4014-A8D6-1948DBA37161} = {827E0CD3-B72D-47B6-A68D-7590B98EB39B}
		{3337C2D3-03FC-485A-9DF2-B98E48EB96E4} = {0AB3BF05-4346-4AA6-1389-037BE0695223}
	EndGlobalSection
EndGlobal
