
Microsoft Visual Studio Solution File, Format Version 12.00
# Visual Studio Version 16
VisualStudioVersion = 16.0.31410.357
MinimumVisualStudioVersion = 10.0.40219.1
Project("{2150E333-8FDC-42A3-9474-1A3956D46DE8}") = "tests", "tests", "{0AB3BF05-4346-4AA6-1389-037BE0695223}"
EndProject
Project("{FAE04EC0-301F-11D3-BF4B-00C04F79EFBC}") = "BibliothequeLIPAJOLI.Tests", "tests\BibliothequeLIPAJOLI.Tests\BibliothequeLIPAJOLI.Tests.csproj", "{8FD87EA2-8015-4A8B-AA6F-81999BABCBDD}"
EndProject
Project("{2150E333-8FDC-42A3-9474-1A3956D46DE8}") = "src", "src", "{827E0CD3-B72D-47B6-A68D-7590B98EB39B}"
EndProject
Project("{FAE04EC0-301F-11D3-BF4B-00C04F79EFBC}") = "BibliothequeLIPAJOLI", "src\BibliothequeLIPAJOLI\BibliothequeLIPAJOLI.csproj", "{063E82F3-A478-4798-AE51-4CC117E65100}"
EndProject
Project("{FAE04EC0-301F-11D3-BF4B-00C04F79EFBC}") = "Bibliotheques.ApplicationCore", "src\Bibliotheques.ApplicationCore\Bibliotheques.ApplicationCore.csproj", "{8C1D5E17-EE51-4111-A64A-37BE79CDE153}"
EndProject
Project("{FAE04EC0-301F-11D3-BF4B-00C04F79EFBC}") = "Bibliotheques.Infrastructure", "src\Bibliotheques.Infrastructure\Bibliotheques.Infrastructure.csproj", "{63D9975C-3987-4EA0-A23C-C5A4B9CE7692}"
EndProject
Project("{FAE04EC0-301F-11D3-BF4B-00C04F79EFBC}") = "BibliothequeLIPAJOLI.TestsFonctionnels", "tests\BibliothequeLIPAJOLI.TestsFonctionnels\BibliothequeLIPAJOLI.TestsFonctionnels.csproj", "{B32FE2E1-EB7A-4AB9-B0D1-A8029057381B}"
EndProject
Global
	GlobalSection(SolutionConfigurationPlatforms) = preSolution
		Debug|Any CPU = Debug|Any CPU
		Debug|x64 = Debug|x64
		Debug|x86 = Debug|x86
		Release|Any CPU = Release|Any CPU
		Release|x64 = Release|x64
		Release|x86 = Release|x86
	EndGlobalSection
	GlobalSection(ProjectConfigurationPlatforms) = postSolution
		{8FD87EA2-8015-4A8B-AA6F-81999BABCBDD}.Debug|Any CPU.ActiveCfg = Debug|Any CPU
		{8FD87EA2-8015-4A8B-AA6F-81999BABCBDD}.Debug|Any CPU.Build.0 = Debug|Any CPU
		{8FD87EA2-8015-4A8B-AA6F-81999BABCBDD}.Debug|x64.ActiveCfg = Debug|Any CPU
		{8FD87EA2-8015-4A8B-AA6F-81999BABCBDD}.Debug|x64.Build.0 = Debug|Any CPU
		{8FD87EA2-8015-4A8B-AA6F-81999BABCBDD}.Debug|x86.ActiveCfg = Debug|Any CPU
		{8FD87EA2-8015-4A8B-AA6F-81999BABCBDD}.Debug|x86.Build.0 = Debug|Any CPU
		{8FD87EA2-8015-4A8B-AA6F-81999BABCBDD}.Release|Any CPU.ActiveCfg = Release|Any CPU
		{8FD87EA2-8015-4A8B-AA6F-81999BABCBDD}.Release|Any CPU.Build.0 = Release|Any CPU
		{8FD87EA2-8015-4A8B-AA6F-81999BABCBDD}.Release|x64.ActiveCfg = Release|Any CPU
		{8FD87EA2-8015-4A8B-AA6F-81999BABCBDD}.Release|x64.Build.0 = Release|Any CPU
		{8FD87EA2-8015-4A8B-AA6F-81999BABCBDD}.Release|x86.ActiveCfg = Release|Any CPU
		{8FD87EA2-8015-4A8B-AA6F-81999BABCBDD}.Release|x86.Build.0 = Release|Any CPU
		{063E82F3-A478-4798-AE51-4CC117E65100}.Debug|Any CPU.ActiveCfg = Debug|Any CPU
		{063E82F3-A478-4798-AE51-4CC117E65100}.Debug|Any CPU.Build.0 = Debug|Any CPU
		{063E82F3-A478-4798-AE51-4CC117E65100}.Debug|x64.ActiveCfg = Debug|Any CPU
		{063E82F3-A478-4798-AE51-4CC117E65100}.Debug|x64.Build.0 = Debug|Any CPU
		{063E82F3-A478-4798-AE51-4CC117E65100}.Debug|x86.ActiveCfg = Debug|Any CPU
		{063E82F3-A478-4798-AE51-4CC117E65100}.Debug|x86.Build.0 = Debug|Any CPU
		{063E82F3-A478-4798-AE51-4CC117E65100}.Release|Any CPU.ActiveCfg = Release|Any CPU
		{063E82F3-A478-4798-AE51-4CC117E65100}.Release|Any CPU.Build.0 = Release|Any CPU
		{063E82F3-A478-4798-AE51-4CC117E65100}.Release|x64.ActiveCfg = Release|Any CPU
		{063E82F3-A478-4798-AE51-4CC117E65100}.Release|x64.Build.0 = Release|Any CPU
		{063E82F3-A478-4798-AE51-4CC117E65100}.Release|x86.ActiveCfg = Release|Any CPU
		{063E82F3-A478-4798-AE51-4CC117E65100}.Release|x86.Build.0 = Release|Any CPU
		{8C1D5E17-EE51-4111-A64A-37BE79CDE153}.Debug|Any CPU.ActiveCfg = Debug|Any CPU
		{8C1D5E17-EE51-4111-A64A-37BE79CDE153}.Debug|Any CPU.Build.0 = Debug|Any CPU
		{8C1D5E17-EE51-4111-A64A-37BE79CDE153}.Debug|x64.ActiveCfg = Debug|Any CPU
		{8C1D5E17-EE51-4111-A64A-37BE79CDE153}.Debug|x64.Build.0 = Debug|Any CPU
		{8C1D5E17-EE51-4111-A64A-37BE79CDE153}.Debug|x86.ActiveCfg = Debug|Any CPU
		{8C1D5E17-EE51-4111-A64A-37BE79CDE153}.Debug|x86.Build.0 = Debug|Any CPU
		{8C1D5E17-EE51-4111-A64A-37BE79CDE153}.Release|Any CPU.ActiveCfg = Release|Any CPU
		{8C1D5E17-EE51-4111-A64A-37BE79CDE153}.Release|Any CPU.Build.0 = Release|Any CPU
		{8C1D5E17-EE51-4111-A64A-37BE79CDE153}.Release|x64.ActiveCfg = Release|Any CPU
		{8C1D5E17-EE51-4111-A64A-37BE79CDE153}.Release|x64.Build.0 = Release|Any CPU
		{8C1D5E17-EE51-4111-A64A-37BE79CDE153}.Release|x86.ActiveCfg = Release|Any CPU
		{8C1D5E17-EE51-4111-A64A-37BE79CDE153}.Release|x86.Build.0 = Release|Any CPU
		{63D9975C-3987-4EA0-A23C-C5A4B9CE7692}.Debug|Any CPU.ActiveCfg = Debug|Any CPU
		{63D9975C-3987-4EA0-A23C-C5A4B9CE7692}.Debug|Any CPU.Build.0 = Debug|Any CPU
		{63D9975C-3987-4EA0-A23C-C5A4B9CE7692}.Debug|x64.ActiveCfg = Debug|Any CPU
		{63D9975C-3987-4EA0-A23C-C5A4B9CE7692}.Debug|x64.Build.0 = Debug|Any CPU
		{63D9975C-3987-4EA0-A23C-C5A4B9CE7692}.Debug|x86.ActiveCfg = Debug|Any CPU
		{63D9975C-3987-4EA0-A23C-C5A4B9CE7692}.Debug|x86.Build.0 = Debug|Any CPU
		{63D9975C-3987-4EA0-A23C-C5A4B9CE7692}.Release|Any CPU.ActiveCfg = Release|Any CPU
		{63D9975C-3987-4EA0-A23C-C5A4B9CE7692}.Release|Any CPU.Build.0 = Release|Any CPU
		{63D9975C-3987-4EA0-A23C-C5A4B9CE7692}.Release|x64.ActiveCfg = Release|Any CPU
		{63D9975C-3987-4EA0-A23C-C5A4B9CE7692}.Release|x64.Build.0 = Release|Any CPU
		{63D9975C-3987-4EA0-A23C-C5A4B9CE7692}.Release|x86.ActiveCfg = Release|Any CPU
		{63D9975C-3987-4EA0-A23C-C5A4B9CE7692}.Release|x86.Build.0 = Release|Any CPU
		{B32FE2E1-EB7A-4AB9-B0D1-A8029057381B}.Debug|Any CPU.ActiveCfg = Debug|Any CPU
		{B32FE2E1-EB7A-4AB9-B0D1-A8029057381B}.Debug|Any CPU.Build.0 = Debug|Any CPU
		{B32FE2E1-EB7A-4AB9-B0D1-A8029057381B}.Debug|x64.ActiveCfg = Debug|Any CPU
		{B32FE2E1-EB7A-4AB9-B0D1-A8029057381B}.Debug|x64.Build.0 = Debug|Any CPU
		{B32FE2E1-EB7A-4AB9-B0D1-A8029057381B}.Debug|x86.ActiveCfg = Debug|Any CPU
		{B32FE2E1-EB7A-4AB9-B0D1-A8029057381B}.Debug|x86.Build.0 = Debug|Any CPU
		{B32FE2E1-EB7A-4AB9-B0D1-A8029057381B}.Release|Any CPU.ActiveCfg = Release|Any CPU
		{B32FE2E1-EB7A-4AB9-B0D1-A8029057381B}.Release|Any CPU.Build.0 = Release|Any CPU
		{B32FE2E1-EB7A-4AB9-B0D1-A8029057381B}.Release|x64.ActiveCfg = Release|Any CPU
		{B32FE2E1-EB7A-4AB9-B0D1-A8029057381B}.Release|x64.Build.0 = Release|Any CPU
		{B32FE2E1-EB7A-4AB9-B0D1-A8029057381B}.Release|x86.ActiveCfg = Release|Any CPU
		{B32FE2E1-EB7A-4AB9-B0D1-A8029057381B}.Release|x86.Build.0 = Release|Any CPU
	EndGlobalSection
	GlobalSection(SolutionProperties) = preSolution
		HideSolutionNode = FALSE
	EndGlobalSection
	GlobalSection(NestedProjects) = preSolution
		{8FD87EA2-8015-4A8B-AA6F-81999BABCBDD} = {0AB3BF05-4346-4AA6-1389-037BE0695223}
		{063E82F3-A478-4798-AE51-4CC117E65100} = {827E0CD3-B72D-47B6-A68D-7590B98EB39B}
		{8C1D5E17-EE51-4111-A64A-37BE79CDE153} = {827E0CD3-B72D-47B6-A68D-7590B98EB39B}
		{63D9975C-3987-4EA0-A23C-C5A4B9CE7692} = {827E0CD3-B72D-47B6-A68D-7590B98EB39B}
		{B32FE2E1-EB7A-4AB9-B0D1-A8029057381B} = {0AB3BF05-4346-4AA6-1389-037BE0695223}
	EndGlobalSection
	GlobalSection(ExtensibilityGlobals) = postSolution
		SolutionGuid = {82E50138-CA28-4451-85DD-6776406EBF34}
	EndGlobalSection
EndGlobal
